
Microsoft Visual Studio Solution File, Format Version 12.00
# Visual Studio 14
VisualStudioVersion = 14.0.25420.1
MinimumVisualStudioVersion = 10.0.40219.1
Project("{FAE04EC0-301F-11D3-BF4B-00C04F79EFBC}") = "MvcMiniGigApp.Web", "MvcMiniGigApp.Web\MvcMiniGigApp.Web.csproj", "{794287F2-3E37-41BD-832A-323ADB0710C4}"
EndProject
Project("{FAE04EC0-301F-11D3-BF4B-00C04F79EFBC}") = "MvcMiniGigApp.Data", "MvcMiniGigApp.Data\MvcMiniGigApp.Data.csproj", "{0C58133F-7C09-4D0E-8EC1-043AB2977A83}"
EndProject
Project("{FAE04EC0-301F-11D3-BF4B-00C04F79EFBC}") = "MvcMiniGigApp.Domain", "MvcMiniGigApp.Domain\MvcMiniGigApp.Domain.csproj", "{A54118F8-965C-4688-8D08-FB821AAAB681}"
EndProject
Project("{FAE04EC0-301F-11D3-BF4B-00C04F79EFBC}") = "SharedKernel", "SharedKernel\SharedKernel.csproj", "{EA938618-84F9-48B9-8EAE-A1145DF8FC97}"
EndProject
Project("{FAE04EC0-301F-11D3-BF4B-00C04F79EFBC}") = "SharedKernel.Data", "SharedKernel.Data\SharedKernel.Data.csproj", "{2CB1DCC3-D94A-493F-8AC4-9F0BC0B75603}"
EndProject
Project("{FAE04EC0-301F-11D3-BF4B-00C04F79EFBC}") = "MvcMiniGigApp.Services", "MvcMiniGigApp.Services\MvcMiniGigApp.Services.csproj", "{ED0FF581-8575-4566-B885-5053DB93127E}"
EndProject
Project("{2150E333-8FDC-42A3-9474-1A3956D46DE8}") = "Data", "Data", "{94C5D672-CB59-40A5-9E88-0E6412EF3487}"
EndProject
Project("{2150E333-8FDC-42A3-9474-1A3956D46DE8}") = "Domain", "Domain", "{8F3508DD-926C-4A65-BF12-4321EA9746C2}"
EndProject
Project("{2150E333-8FDC-42A3-9474-1A3956D46DE8}") = "Services", "Services", "{D341F221-8CFD-4CA4-B8E8-D62E1DE5832B}"
EndProject
Project("{2150E333-8FDC-42A3-9474-1A3956D46DE8}") = "Tests", "Tests", "{961E9752-14DB-44D3-9786-8777AEA99EB8}"
EndProject
Project("{FAE04EC0-301F-11D3-BF4B-00C04F79EFBC}") = "MvcMiniGigApp.Services.Tests", "MvcMiniGigApp.Services.Tests\MvcMiniGigApp.Services.Tests.csproj", "{A81B8DE2-9CB6-498C-8638-25D65FE246B3}"
EndProject
Project("{FAE04EC0-301F-11D3-BF4B-00C04F79EFBC}") = "MvcMiniGigApp.Data.Tests", "MvcMiniGigApp.Data.Tests\MvcMiniGigApp.Data.Tests.csproj", "{C884D5D2-82D1-411B-B6B0-03BD72AC5EED}"
EndProject
Global
	GlobalSection(SolutionConfigurationPlatforms) = preSolution
		Debug|Any CPU = Debug|Any CPU
		Release|Any CPU = Release|Any CPU
	EndGlobalSection
	GlobalSection(ProjectConfigurationPlatforms) = postSolution
		{794287F2-3E37-41BD-832A-323ADB0710C4}.Debug|Any CPU.ActiveCfg = Debug|Any CPU
		{794287F2-3E37-41BD-832A-323ADB0710C4}.Debug|Any CPU.Build.0 = Debug|Any CPU
		{794287F2-3E37-41BD-832A-323ADB0710C4}.Release|Any CPU.ActiveCfg = Release|Any CPU
		{794287F2-3E37-41BD-832A-323ADB0710C4}.Release|Any CPU.Build.0 = Release|Any CPU
		{0C58133F-7C09-4D0E-8EC1-043AB2977A83}.Debug|Any CPU.ActiveCfg = Debug|Any CPU
		{0C58133F-7C09-4D0E-8EC1-043AB2977A83}.Debug|Any CPU.Build.0 = Debug|Any CPU
		{0C58133F-7C09-4D0E-8EC1-043AB2977A83}.Release|Any CPU.ActiveCfg = Release|Any CPU
		{0C58133F-7C09-4D0E-8EC1-043AB2977A83}.Release|Any CPU.Build.0 = Release|Any CPU
		{A54118F8-965C-4688-8D08-FB821AAAB681}.Debug|Any CPU.ActiveCfg = Debug|Any CPU
		{A54118F8-965C-4688-8D08-FB821AAAB681}.Debug|Any CPU.Build.0 = Debug|Any CPU
		{A54118F8-965C-4688-8D08-FB821AAAB681}.Release|Any CPU.ActiveCfg = Release|Any CPU
		{A54118F8-965C-4688-8D08-FB821AAAB681}.Release|Any CPU.Build.0 = Release|Any CPU
		{EA938618-84F9-48B9-8EAE-A1145DF8FC97}.Debug|Any CPU.ActiveCfg = Debug|Any CPU
		{EA938618-84F9-48B9-8EAE-A1145DF8FC97}.Debug|Any CPU.Build.0 = Debug|Any CPU
		{EA938618-84F9-48B9-8EAE-A1145DF8FC97}.Release|Any CPU.ActiveCfg = Release|Any CPU
		{EA938618-84F9-48B9-8EAE-A1145DF8FC97}.Release|Any CPU.Build.0 = Release|Any CPU
		{2CB1DCC3-D94A-493F-8AC4-9F0BC0B75603}.Debug|Any CPU.ActiveCfg = Debug|Any CPU
		{2CB1DCC3-D94A-493F-8AC4-9F0BC0B75603}.Debug|Any CPU.Build.0 = Debug|Any CPU
		{2CB1DCC3-D94A-493F-8AC4-9F0BC0B75603}.Release|Any CPU.ActiveCfg = Release|Any CPU
		{2CB1DCC3-D94A-493F-8AC4-9F0BC0B75603}.Release|Any CPU.Build.0 = Release|Any CPU
		{ED0FF581-8575-4566-B885-5053DB93127E}.Debug|Any CPU.ActiveCfg = Debug|Any CPU
		{ED0FF581-8575-4566-B885-5053DB93127E}.Debug|Any CPU.Build.0 = Debug|Any CPU
		{ED0FF581-8575-4566-B885-5053DB93127E}.Release|Any CPU.ActiveCfg = Release|Any CPU
		{ED0FF581-8575-4566-B885-5053DB93127E}.Release|Any CPU.Build.0 = Release|Any CPU
		{A81B8DE2-9CB6-498C-8638-25D65FE246B3}.Debug|Any CPU.ActiveCfg = Debug|Any CPU
		{A81B8DE2-9CB6-498C-8638-25D65FE246B3}.Debug|Any CPU.Build.0 = Debug|Any CPU
		{A81B8DE2-9CB6-498C-8638-25D65FE246B3}.Release|Any CPU.ActiveCfg = Release|Any CPU
		{A81B8DE2-9CB6-498C-8638-25D65FE246B3}.Release|Any CPU.Build.0 = Release|Any CPU
		{C884D5D2-82D1-411B-B6B0-03BD72AC5EED}.Debug|Any CPU.ActiveCfg = Debug|Any CPU
		{C884D5D2-82D1-411B-B6B0-03BD72AC5EED}.Debug|Any CPU.Build.0 = Debug|Any CPU
		{C884D5D2-82D1-411B-B6B0-03BD72AC5EED}.Release|Any CPU.ActiveCfg = Release|Any CPU
		{C884D5D2-82D1-411B-B6B0-03BD72AC5EED}.Release|Any CPU.Build.0 = Release|Any CPU
	EndGlobalSection
	GlobalSection(SolutionProperties) = preSolution
		HideSolutionNode = FALSE
	EndGlobalSection
	GlobalSection(NestedProjects) = preSolution
		{0C58133F-7C09-4D0E-8EC1-043AB2977A83} = {94C5D672-CB59-40A5-9E88-0E6412EF3487}
		{A54118F8-965C-4688-8D08-FB821AAAB681} = {8F3508DD-926C-4A65-BF12-4321EA9746C2}
		{ED0FF581-8575-4566-B885-5053DB93127E} = {D341F221-8CFD-4CA4-B8E8-D62E1DE5832B}
		{A81B8DE2-9CB6-498C-8638-25D65FE246B3} = {961E9752-14DB-44D3-9786-8777AEA99EB8}
		{C884D5D2-82D1-411B-B6B0-03BD72AC5EED} = {961E9752-14DB-44D3-9786-8777AEA99EB8}
	EndGlobalSection
EndGlobal
